
Microsoft Visual Studio Solution File, Format Version 12.00
# Visual Studio Version 16
VisualStudioVersion = 16.0.31911.196
MinimumVisualStudioVersion = 10.0.40219.1
Project("{9A19103F-16F7-4668-BE54-9A1E7A4F7556}") = "CrawlerApp", "CrawlerApp\CrawlerApp.csproj", "{A5765560-FBCE-48C6-BC00-58531932210A}"
EndProject
Project("{FAE04EC0-301F-11D3-BF4B-00C04F79EFBC}") = "CrawlerAppTest", "CrawlerAppTest\CrawlerAppTest.csproj", "{42791A75-53FC-4A01-9B26-057563A6727A}"
EndProject
Global
	GlobalSection(SolutionConfigurationPlatforms) = preSolution
		Debug|Any CPU = Debug|Any CPU
		Release|Any CPU = Release|Any CPU
	EndGlobalSection
	GlobalSection(ProjectConfigurationPlatforms) = postSolution
		{A5765560-FBCE-48C6-BC00-58531932210A}.Debug|Any CPU.ActiveCfg = Debug|Any CPU
		{A5765560-FBCE-48C6-BC00-58531932210A}.Debug|Any CPU.Build.0 = Debug|Any CPU
		{A5765560-FBCE-48C6-BC00-58531932210A}.Release|Any CPU.ActiveCfg = Release|Any CPU
		{A5765560-FBCE-48C6-BC00-58531932210A}.Release|Any CPU.Build.0 = Release|Any CPU
		{42791A75-53FC-4A01-9B26-057563A6727A}.Debug|Any CPU.ActiveCfg = Debug|Any CPU
		{42791A75-53FC-4A01-9B26-057563A6727A}.Debug|Any CPU.Build.0 = Debug|Any CPU
		{42791A75-53FC-4A01-9B26-057563A6727A}.Release|Any CPU.ActiveCfg = Release|Any CPU
		{42791A75-53FC-4A01-9B26-057563A6727A}.Release|Any CPU.Build.0 = Release|Any CPU
	EndGlobalSection
	GlobalSection(SolutionProperties) = preSolution
		HideSolutionNode = FALSE
	EndGlobalSection
	GlobalSection(ExtensibilityGlobals) = postSolution
		SolutionGuid = {606C587F-D7D2-4632-AB34-A9799F9AD27A}
	EndGlobalSection
EndGlobal
